
Microsoft Visual Studio Solution File, Format Version 12.00
# Visual Studio 15
VisualStudioVersion = 15.0.27428.2037
MinimumVisualStudioVersion = 10.0.40219.1
Project("{8BC9CEB8-8B4A-11D0-8D11-00A0C91BC942}") = "PlayerParser", "PlayerParser\PlayerParser.vcxproj", "{1897025D-7206-4BD2-9BF6-37073C04A693}"
EndProject
Global
	GlobalSection(SolutionConfigurationPlatforms) = preSolution
		Debug|x64 = Debug|x64
		Debug|x86 = Debug|x86
		Release|x64 = Release|x64
		Release|x86 = Release|x86
	EndGlobalSection
	GlobalSection(ProjectConfigurationPlatforms) = postSolution
		{1897025D-7206-4BD2-9BF6-37073C04A693}.Debug|x64.ActiveCfg = Debug|x64
		{1897025D-7206-4BD2-9BF6-37073C04A693}.Debug|x64.Build.0 = Debug|x64
		{1897025D-7206-4BD2-9BF6-37073C04A693}.Debug|x86.ActiveCfg = Debug|Win32
		{1897025D-7206-4BD2-9BF6-37073C04A693}.Debug|x86.Build.0 = Debug|Win32
		{1897025D-7206-4BD2-9BF6-37073C04A693}.Release|x64.ActiveCfg = Release|x64
		{1897025D-7206-4BD2-9BF6-37073C04A693}.Release|x64.Build.0 = Release|x64
		{1897025D-7206-4BD2-9BF6-37073C04A693}.Release|x86.ActiveCfg = Release|Win32
		{1897025D-7206-4BD2-9BF6-37073C04A693}.Release|x86.Build.0 = Release|Win32
	EndGlobalSection
	GlobalSection(SolutionProperties) = preSolution
		HideSolutionNode = FALSE
	EndGlobalSection
	GlobalSection(ExtensibilityGlobals) = postSolution
		SolutionGuid = {90C8D090-B012-48F5-BF5D-A79C116A6C50}
	EndGlobalSection
EndGlobal
